// !$*UTF8*$!
{
	archiveVersion = 1;
	classes = {
	};
	objectVersion = 46;
	objects = {

/* Begin PBXBuildFile section */
		B9E821491B3372B2006B915E /* LaunchScreen.xib in Resources */ = {isa = PBXBuildFile; fileRef = B9E821411B3372B2006B915E /* LaunchScreen.xib */; };
		B9E8214A1B3372B2006B915E /* Images.xcassets in Resources */ = {isa = PBXBuildFile; fileRef = B9E821431B3372B2006B915E /* Images.xcassets */; };
		B9E8214C1B3372B2006B915E /* AppDelegate.swift in Sources */ = {isa = PBXBuildFile; fileRef = B9E821481B3372B2006B915E /* AppDelegate.swift */; };
		B9E821541B3372BC006B915E /* MotionActivityDisplayTests.swift in Sources */ = {isa = PBXBuildFile; fileRef = B9E821521B3372BC006B915E /* MotionActivityDisplayTests.swift */; };
/* End PBXBuildFile section */

/* Begin PBXContainerItemProxy section */
		B9E821301B337213006B915E /* PBXContainerItemProxy */ = {
			isa = PBXContainerItemProxy;
			containerPortal = B9E821121B337213006B915E /* Project object */;
			proxyType = 1;
			remoteGlobalIDString = B9E821191B337213006B915E;
			remoteInfo = MotionActivityDisplay;
		};
/* End PBXContainerItemProxy section */

/* Begin PBXFileReference section */
		B9E8211A1B337213006B915E /* MotionActivityDisplay.app */ = {isa = PBXFileReference; explicitFileType = wrapper.application; includeInIndex = 0; path = MotionActivityDisplay.app; sourceTree = BUILT_PRODUCTS_DIR; };
		B9E8212F1B337213006B915E /* MotionActivityDisplayTests.xctest */ = {isa = PBXFileReference; explicitFileType = wrapper.cfbundle; includeInIndex = 0; path = MotionActivityDisplayTests.xctest; sourceTree = BUILT_PRODUCTS_DIR; };
		B9E821421B3372B2006B915E /* Base */ = {isa = PBXFileReference; lastKnownFileType = file.xib; name = Base; path = Base.lproj/LaunchScreen.xib; sourceTree = "<group>"; };
		B9E821431B3372B2006B915E /* Images.xcassets */ = {isa = PBXFileReference; lastKnownFileType = folder.assetcatalog; path = Images.xcassets; sourceTree = "<group>"; };
		B9E821441B3372B2006B915E /* Info.plist */ = {isa = PBXFileReference; fileEncoding = 4; lastKnownFileType = text.plist.xml; path = Info.plist; sourceTree = "<group>"; };
		B9E821481B3372B2006B915E /* AppDelegate.swift */ = {isa = PBXFileReference; fileEncoding = 4; lastKnownFileType = sourcecode.swift; path = AppDelegate.swift; sourceTree = "<group>"; };
		B9E8214F1B3372BC006B915E /* Info.plist */ = {isa = PBXFileReference; fileEncoding = 4; lastKnownFileType = text.plist.xml; path = Info.plist; sourceTree = "<group>"; };
		B9E821521B3372BC006B915E /* MotionActivityDisplayTests.swift */ = {isa = PBXFileReference; fileEncoding = 4; lastKnownFileType = sourcecode.swift; path = MotionActivityDisplayTests.swift; sourceTree = "<group>"; };
/* End PBXFileReference section */

/* Begin PBXFrameworksBuildPhase section */
		B9E821171B337213006B915E /* Frameworks */ = {
			isa = PBXFrameworksBuildPhase;
			buildActionMask = 2147483647;
			files = (
			);
			runOnlyForDeploymentPostprocessing = 0;
		};
		B9E8212C1B337213006B915E /* Frameworks */ = {
			isa = PBXFrameworksBuildPhase;
			buildActionMask = 2147483647;
			files = (
			);
			runOnlyForDeploymentPostprocessing = 0;
		};
/* End PBXFrameworksBuildPhase section */

/* Begin PBXGroup section */
		B9E821111B337213006B915E = {
			isa = PBXGroup;
			children = (
				B9E8213F1B3372B2006B915E /* MotionActivityDisplay */,
				B9E8214D1B3372BC006B915E /* MotionActivityDisplayTests */,
				B9E8211B1B337213006B915E /* Products */,
			);
			sourceTree = "<group>";
		};
		B9E8211B1B337213006B915E /* Products */ = {
			isa = PBXGroup;
			children = (
				B9E8211A1B337213006B915E /* MotionActivityDisplay.app */,
				B9E8212F1B337213006B915E /* MotionActivityDisplayTests.xctest */,
			);
			name = Products;
			sourceTree = "<group>";
		};
		B9E8213F1B3372B2006B915E /* MotionActivityDisplay */ = {
			isa = PBXGroup;
			children = (
				B9E821401B3372B2006B915E /* Resources */,
				B9E821451B3372B2006B915E /* Source */,
			);
			path = MotionActivityDisplay;
			sourceTree = "<group>";
		};
		B9E821401B3372B2006B915E /* Resources */ = {
			isa = PBXGroup;
			children = (
				B9E821411B3372B2006B915E /* LaunchScreen.xib */,
				B9E821431B3372B2006B915E /* Images.xcassets */,
				B9E821441B3372B2006B915E /* Info.plist */,
			);
			path = Resources;
			sourceTree = "<group>";
		};
		B9E821451B3372B2006B915E /* Source */ = {
			isa = PBXGroup;
			children = (
				B9E821461B3372B2006B915E /* Classes */,
			);
			path = Source;
			sourceTree = "<group>";
		};
		B9E821461B3372B2006B915E /* Classes */ = {
			isa = PBXGroup;
			children = (
				B9E821471B3372B2006B915E /* Application */,
			);
			path = Classes;
			sourceTree = "<group>";
		};
		B9E821471B3372B2006B915E /* Application */ = {
			isa = PBXGroup;
			children = (
				B9E821481B3372B2006B915E /* AppDelegate.swift */,
			);
			path = Application;
			sourceTree = "<group>";
		};
		B9E8214D1B3372BC006B915E /* MotionActivityDisplayTests */ = {
			isa = PBXGroup;
			children = (
				B9E8214E1B3372BC006B915E /* Resources */,
				B9E821501B3372BC006B915E /* Sources */,
			);
			path = MotionActivityDisplayTests;
			sourceTree = "<group>";
		};
		B9E8214E1B3372BC006B915E /* Resources */ = {
			isa = PBXGroup;
			children = (
				B9E8214F1B3372BC006B915E /* Info.plist */,
			);
			path = Resources;
			sourceTree = "<group>";
		};
		B9E821501B3372BC006B915E /* Sources */ = {
			isa = PBXGroup;
			children = (
				B9E821511B3372BC006B915E /* Classes */,
			);
			path = Sources;
			sourceTree = "<group>";
		};
		B9E821511B3372BC006B915E /* Classes */ = {
			isa = PBXGroup;
			children = (
				B9E821521B3372BC006B915E /* MotionActivityDisplayTests.swift */,
			);
			path = Classes;
			sourceTree = "<group>";
		};
/* End PBXGroup section */

/* Begin PBXNativeTarget section */
		B9E821191B337213006B915E /* MotionActivityDisplay */ = {
			isa = PBXNativeTarget;
			buildConfigurationList = B9E821391B337213006B915E /* Build configuration list for PBXNativeTarget "MotionActivityDisplay" */;
			buildPhases = (
				B9E821161B337213006B915E /* Sources */,
				B9E821171B337213006B915E /* Frameworks */,
				B9E821181B337213006B915E /* Resources */,
			);
			buildRules = (
			);
			dependencies = (
			);
			name = MotionActivityDisplay;
			productName = MotionActivityDisplay;
			productReference = B9E8211A1B337213006B915E /* MotionActivityDisplay.app */;
			productType = "com.apple.product-type.application";
		};
		B9E8212E1B337213006B915E /* MotionActivityDisplayTests */ = {
			isa = PBXNativeTarget;
			buildConfigurationList = B9E8213C1B337213006B915E /* Build configuration list for PBXNativeTarget "MotionActivityDisplayTests" */;
			buildPhases = (
				B9E8212B1B337213006B915E /* Sources */,
				B9E8212C1B337213006B915E /* Frameworks */,
				B9E8212D1B337213006B915E /* Resources */,
			);
			buildRules = (
			);
			dependencies = (
				B9E821311B337213006B915E /* PBXTargetDependency */,
			);
			name = MotionActivityDisplayTests;
			productName = MotionActivityDisplayTests;
			productReference = B9E8212F1B337213006B915E /* MotionActivityDisplayTests.xctest */;
			productType = "com.apple.product-type.bundle.unit-test";
		};
/* End PBXNativeTarget section */

/* Begin PBXProject section */
		B9E821121B337213006B915E /* Project object */ = {
			isa = PBXProject;
			attributes = {
				LastUpgradeCheck = 0630;
				ORGANIZATIONNAME = "Julian Grosshauser";
				TargetAttributes = {
					B9E821191B337213006B915E = {
						CreatedOnToolsVersion = 6.3.2;
					};
					B9E8212E1B337213006B915E = {
						CreatedOnToolsVersion = 6.3.2;
						TestTargetID = B9E821191B337213006B915E;
					};
				};
			};
			buildConfigurationList = B9E821151B337213006B915E /* Build configuration list for PBXProject "MotionActivityDisplay" */;
			compatibilityVersion = "Xcode 3.2";
			developmentRegion = English;
			hasScannedForEncodings = 0;
			knownRegions = (
				en,
				Base,
			);
			mainGroup = B9E821111B337213006B915E;
			productRefGroup = B9E8211B1B337213006B915E /* Products */;
			projectDirPath = "";
			projectRoot = "";
			targets = (
				B9E821191B337213006B915E /* MotionActivityDisplay */,
				B9E8212E1B337213006B915E /* MotionActivityDisplayTests */,
			);
		};
/* End PBXProject section */

/* Begin PBXResourcesBuildPhase section */
		B9E821181B337213006B915E /* Resources */ = {
			isa = PBXResourcesBuildPhase;
			buildActionMask = 2147483647;
			files = (
				B9E821491B3372B2006B915E /* LaunchScreen.xib in Resources */,
				B9E8214A1B3372B2006B915E /* Images.xcassets in Resources */,
			);
			runOnlyForDeploymentPostprocessing = 0;
		};
		B9E8212D1B337213006B915E /* Resources */ = {
			isa = PBXResourcesBuildPhase;
			buildActionMask = 2147483647;
			files = (
			);
			runOnlyForDeploymentPostprocessing = 0;
		};
/* End PBXResourcesBuildPhase section */

/* Begin PBXSourcesBuildPhase section */
		B9E821161B337213006B915E /* Sources */ = {
			isa = PBXSourcesBuildPhase;
			buildActionMask = 2147483647;
			files = (
				B9E8214C1B3372B2006B915E /* AppDelegate.swift in Sources */,
			);
			runOnlyForDeploymentPostprocessing = 0;
		};
		B9E8212B1B337213006B915E /* Sources */ = {
			isa = PBXSourcesBuildPhase;
			buildActionMask = 2147483647;
			files = (
				B9E821541B3372BC006B915E /* MotionActivityDisplayTests.swift in Sources */,
			);
			runOnlyForDeploymentPostprocessing = 0;
		};
/* End PBXSourcesBuildPhase section */

/* Begin PBXTargetDependency section */
		B9E821311B337213006B915E /* PBXTargetDependency */ = {
			isa = PBXTargetDependency;
			target = B9E821191B337213006B915E /* MotionActivityDisplay */;
			targetProxy = B9E821301B337213006B915E /* PBXContainerItemProxy */;
		};
/* End PBXTargetDependency section */

/* Begin PBXVariantGroup section */
		B9E821411B3372B2006B915E /* LaunchScreen.xib */ = {
			isa = PBXVariantGroup;
			children = (
				B9E821421B3372B2006B915E /* Base */,
			);
			name = LaunchScreen.xib;
			sourceTree = "<group>";
		};
/* End PBXVariantGroup section */

/* Begin XCBuildConfiguration section */
		B9E821371B337213006B915E /* Debug */ = {
			isa = XCBuildConfiguration;
			buildSettings = {
				ALWAYS_SEARCH_USER_PATHS = NO;
				CLANG_CXX_LANGUAGE_STANDARD = "gnu++0x";
				CLANG_CXX_LIBRARY = "libc++";
				CLANG_ENABLE_MODULES = YES;
				CLANG_ENABLE_OBJC_ARC = YES;
				CLANG_WARN_BOOL_CONVERSION = YES;
				CLANG_WARN_CONSTANT_CONVERSION = YES;
				CLANG_WARN_DIRECT_OBJC_ISA_USAGE = YES_ERROR;
				CLANG_WARN_EMPTY_BODY = YES;
				CLANG_WARN_ENUM_CONVERSION = YES;
				CLANG_WARN_INT_CONVERSION = YES;
				CLANG_WARN_OBJC_ROOT_CLASS = YES_ERROR;
				CLANG_WARN_UNREACHABLE_CODE = YES;
				CLANG_WARN__DUPLICATE_METHOD_MATCH = YES;
				"CODE_SIGN_IDENTITY[sdk=iphoneos*]" = "iPhone Developer";
				COPY_PHASE_STRIP = NO;
				DEBUG_INFORMATION_FORMAT = "dwarf-with-dsym";
				ENABLE_STRICT_OBJC_MSGSEND = YES;
				GCC_C_LANGUAGE_STANDARD = gnu99;
				GCC_DYNAMIC_NO_PIC = NO;
				GCC_NO_COMMON_BLOCKS = YES;
				GCC_OPTIMIZATION_LEVEL = 0;
				GCC_PREPROCESSOR_DEFINITIONS = (
					"DEBUG=1",
					"$(inherited)",
				);
				GCC_SYMBOLS_PRIVATE_EXTERN = NO;
				GCC_WARN_64_TO_32_BIT_CONVERSION = YES;
				GCC_WARN_ABOUT_RETURN_TYPE = YES_ERROR;
				GCC_WARN_UNDECLARED_SELECTOR = YES;
				GCC_WARN_UNINITIALIZED_AUTOS = YES_AGGRESSIVE;
				GCC_WARN_UNUSED_FUNCTION = YES;
				GCC_WARN_UNUSED_VARIABLE = YES;
				IPHONEOS_DEPLOYMENT_TARGET = 8.3;
				MTL_ENABLE_DEBUG_INFO = YES;
				ONLY_ACTIVE_ARCH = YES;
				SDKROOT = iphoneos;
				SWIFT_OPTIMIZATION_LEVEL = "-Onone";
				TARGETED_DEVICE_FAMILY = "1,2";
			};
			name = Debug;
		};
		B9E821381B337213006B915E /* Release */ = {
			isa = XCBuildConfiguration;
			buildSettings = {
				ALWAYS_SEARCH_USER_PATHS = NO;
				CLANG_CXX_LANGUAGE_STANDARD = "gnu++0x";
				CLANG_CXX_LIBRARY = "libc++";
				CLANG_ENABLE_MODULES = YES;
				CLANG_ENABLE_OBJC_ARC = YES;
				CLANG_WARN_BOOL_CONVERSION = YES;
				CLANG_WARN_CONSTANT_CONVERSION = YES;
				CLANG_WARN_DIRECT_OBJC_ISA_USAGE = YES_ERROR;
				CLANG_WARN_EMPTY_BODY = YES;
				CLANG_WARN_ENUM_CONVERSION = YES;
				CLANG_WARN_INT_CONVERSION = YES;
				CLANG_WARN_OBJC_ROOT_CLASS = YES_ERROR;
				CLANG_WARN_UNREACHABLE_CODE = YES;
				CLANG_WARN__DUPLICATE_METHOD_MATCH = YES;
				"CODE_SIGN_IDENTITY[sdk=iphoneos*]" = "iPhone Developer";
				COPY_PHASE_STRIP = NO;
				DEBUG_INFORMATION_FORMAT = "dwarf-with-dsym";
				ENABLE_NS_ASSERTIONS = NO;
				ENABLE_STRICT_OBJC_MSGSEND = YES;
				GCC_C_LANGUAGE_STANDARD = gnu99;
				GCC_NO_COMMON_BLOCKS = YES;
				GCC_WARN_64_TO_32_BIT_CONVERSION = YES;
				GCC_WARN_ABOUT_RETURN_TYPE = YES_ERROR;
				GCC_WARN_UNDECLARED_SELECTOR = YES;
				GCC_WARN_UNINITIALIZED_AUTOS = YES_AGGRESSIVE;
				GCC_WARN_UNUSED_FUNCTION = YES;
				GCC_WARN_UNUSED_VARIABLE = YES;
				IPHONEOS_DEPLOYMENT_TARGET = 8.3;
				MTL_ENABLE_DEBUG_INFO = NO;
				SDKROOT = iphoneos;
				TARGETED_DEVICE_FAMILY = "1,2";
				VALIDATE_PRODUCT = YES;
			};
			name = Release;
		};
		B9E8213A1B337213006B915E /* Debug */ = {
			isa = XCBuildConfiguration;
			buildSettings = {
				ASSETCATALOG_COMPILER_APPICON_NAME = AppIcon;
				INFOPLIST_FILE = "$(PRODUCT_NAME)/Resources/Info.plist";
				LD_RUNPATH_SEARCH_PATHS = "$(inherited) @executable_path/Frameworks";
				PRODUCT_NAME = "$(TARGET_NAME)";
			};
			name = Debug;
		};
		B9E8213B1B337213006B915E /* Release */ = {
			isa = XCBuildConfiguration;
			buildSettings = {
				ASSETCATALOG_COMPILER_APPICON_NAME = AppIcon;
				INFOPLIST_FILE = "$(PRODUCT_NAME)/Resources/Info.plist";
				LD_RUNPATH_SEARCH_PATHS = "$(inherited) @executable_path/Frameworks";
				PRODUCT_NAME = "$(TARGET_NAME)";
			};
			name = Release;
		};
		B9E8213D1B337213006B915E /* Debug */ = {
			isa = XCBuildConfiguration;
			buildSettings = {
				BUNDLE_LOADER = "$(TEST_HOST)";
				FRAMEWORK_SEARCH_PATHS = (
					"$(SDKROOT)/Developer/Library/Frameworks",
					"$(inherited)",
				);
				GCC_PREPROCESSOR_DEFINITIONS = (
					"DEBUG=1",
					"$(inherited)",
				);
				INFOPLIST_FILE = "$(PRODUCT_NAME)/Resources/Info.plist";
				LD_RUNPATH_SEARCH_PATHS = "$(inherited) @executable_path/Frameworks @loader_path/Frameworks";
				PRODUCT_NAME = "$(TARGET_NAME)";
				TEST_HOST = "$(BUILT_PRODUCTS_DIR)/MotionActivityDisplay.app/MotionActivityDisplay";
			};
			name = Debug;
		};
		B9E8213E1B337213006B915E /* Release */ = {
			isa = XCBuildConfiguration;
			buildSettings = {
				BUNDLE_LOADER = "$(TEST_HOST)";
				FRAMEWORK_SEARCH_PATHS = (
					"$(SDKROOT)/Developer/Library/Frameworks",
					"$(inherited)",
				);
				INFOPLIST_FILE = "$(PRODUCT_NAME)/Resources/Info.plist";
				LD_RUNPATH_SEARCH_PATHS = "$(inherited) @executable_path/Frameworks @loader_path/Frameworks";
				PRODUCT_NAME = "$(TARGET_NAME)";
				TEST_HOST = "$(BUILT_PRODUCTS_DIR)/MotionActivityDisplay.app/MotionActivityDisplay";
			};
			name = Release;
		};
/* End XCBuildConfiguration section */

/* Begin XCConfigurationList section */
		B9E821151B337213006B915E /* Build configuration list for PBXProject "MotionActivityDisplay" */ = {
			isa = XCConfigurationList;
			buildConfigurations = (
				B9E821371B337213006B915E /* Debug */,
				B9E821381B337213006B915E /* Release */,
			);
			defaultConfigurationIsVisible = 0;
			defaultConfigurationName = Release;
		};
		B9E821391B337213006B915E /* Build configuration list for PBXNativeTarget "MotionActivityDisplay" */ = {
			isa = XCConfigurationList;
			buildConfigurations = (
				B9E8213A1B337213006B915E /* Debug */,
				B9E8213B1B337213006B915E /* Release */,
			);
			defaultConfigurationIsVisible = 0;
		};
		B9E8213C1B337213006B915E /* Build configuration list for PBXNativeTarget "MotionActivityDisplayTests" */ = {
			isa = XCConfigurationList;
			buildConfigurations = (
				B9E8213D1B337213006B915E /* Debug */,
				B9E8213E1B337213006B915E /* Release */,
			);
			defaultConfigurationIsVisible = 0;
		};
/* End XCConfigurationList section */
	};
	rootObject = B9E821121B337213006B915E /* Project object */;
}
